{
    "_meta": {
        "hash": {
            "sha256": "54726ec48a9cabd4bad1e7190fc9e6b3d40264f4dbd65909ed5819fef18d1432"
        },
        "host-environment-markers": {
            "implementation_name": "cpython",
            "implementation_version": "3.6.5",
            "os_name": "posix",
            "platform_machine": "x86_64",
            "platform_python_implementation": "CPython",
            "platform_release": "4.15.0-22-generic",
            "platform_system": "Linux",
            "platform_version": "#24-Ubuntu SMP Wed May 16 12:15:17 UTC 2018",
            "python_full_version": "3.6.5",
            "python_version": "3.6",
            "sys_platform": "linux"
        },
        "pipfile-spec": 6,
        "requires": {},
        "sources": [
            {
                "name": "pypi",
                "url": "https://pypi.python.org/simple",
                "verify_ssl": true
            }
        ]
    },
    "default": {
        "atomicwrites": {
            "hashes": [
                "sha256:a24da68318b08ac9c9c45029f4a10371ab5b20e4226738e150e6e7c571630ae6",
                "sha256:240831ea22da9ab882b551b31d4225591e5e447a68c5e188db5b89ca1d487585"
            ],
            "version": "==1.1.5"
        },
        "attrs": {
            "hashes": [
                "sha256:4b90b09eeeb9b88c35bc642cbac057e45a5fd85367b985bd2809c62b7b939265",
                "sha256:e0d0eb91441a3b53dab4d9b743eafc1ac44476296a2053b6ca3af0b139faf87b"
            ],
            "version": "==18.1.0"
        },
        "certifi": {
            "hashes": [
                "sha256:9fa520c1bacfb634fa7af20a76bcbd3d5fb390481724c597da32c719a7dca4b0",
                "sha256:13e698f54293db9f89122b0581843a782ad0934a4fe0172d2a980ba77fc61bb7"
            ],
            "version": "==2018.4.16"
        },
        "chardet": {
            "hashes": [
                "sha256:fc323ffcaeaed0e0a02bf4d117757b98aed530d9ed4531e3e15460124c106691",
                "sha256:84ab92ed1c4d4f16916e05906b6b75a6c0fb5db821cc65e70cbd64a3e2a5eaae"
            ],
            "version": "==3.0.4"
        },
        "cloudpickle": {
            "hashes": [
                "sha256:ac7acd0dcb1c52fa14873f801efe0c53e6457bcc5f01542cb445a6515d9a4b72",
                "sha256:54858c7b7dc763ed894ff91059c1d0b017d593fe23850d3d8d75f47d98398197"
            ],
            "version": "==0.5.3"
        },
        "cycler": {
            "hashes": [
                "sha256:1d8a5ae1ff6c5cf9b93e8811e581232ad8920aeec647c37316ceac982b08cb2d",
                "sha256:cd7b2d1018258d7247a71425e9f26463dfb444d411c39569972f4ce586b0c9d8"
            ],
            "version": "==0.10.0"
        },
        "idna": {
            "hashes": [
                "sha256:8c7309c718f94b3a625cb648ace320157ad16ff131ae0af362c9f21b80ef6ec4",
                "sha256:2c6a5de3089009e3da7c5dde64a141dbc8551d5b7f6cf4ed7c2568d0cc520a8f"
            ],
            "version": "==2.6"
        },
        "kiwisolver": {
            "hashes": [
                "sha256:8b6a7b596ce1d2a6d93c3562f1178ebd3b7bb445b3b0dd33b09f9255e312a965",
                "sha256:1a078f5dd7e99317098f0e0d490257fd0349d79363e8c923d5bb76428f318421",
                "sha256:e0f910f84b35c36a3513b96d816e6442ae138862257ae18a0019d2fc67b041dc",
                "sha256:aaec1cfd94f4f3e9a25e144d5b0ed1eb8a9596ec36d7318a504d813412563a85",
                "sha256:f923406e6b32c86309261b8195e24e18b6a8801df0cfc7814ac44017bfcb3939",
                "sha256:4329008a167fac233e398e8a600d1b91539dc33c5a3eadee84c0d4b04d4494fa",
                "sha256:3b791ddf2aefc56382aadc26ea5b352e86a2921e4e85c31c1f770f527eb06ce4",
                "sha256:379d97783ba8d2934d52221c833407f20ca287b36d949b4bba6c75274bcf6363",
                "sha256:1aa0b55a0eb1bd3fa82e704f44fb8f16e26702af1a073cc5030eea399e617b56",
                "sha256:ea36e19ac0a483eea239320aef0bd40702404ff8c7e42179a2d9d36c5afcb55c",
                "sha256:0f7f532f3c94e99545a29f4c3f05637f4d2713e7fd91b4dd8abfc18340b86cd5",
                "sha256:2874060b91e131ceeff00574b7c2140749c9355817a4ed498e82a4ffa308ecbc",
                "sha256:95a25d9f3449046ecbe9065be8f8380c03c56081bc5d41fe0fb964aaa30b2195",
                "sha256:79e5fe3ccd5144ae80777e12973027bd2f4f5e3ae8eb286cabe787bed9780138",
                "sha256:9576cb63897fbfa69df60f994082c3f4b8e6adb49cccb60efb2a80a208e6f996",
                "sha256:0ee4ed8b3ae8f5f712b0aa9ebd2858b5b232f1b9a96b0943dceb34df2a223bc3",
                "sha256:66f82819ff47fa67a11540da96966fb9245504b7f496034f534b81cacf333861",
                "sha256:b1c240d565e977d80c0083404c01e4d59c5772c977fae2c483f100567f50847b",
                "sha256:53a5b27e6b5717bdc0125338a822605084054c80f382051fb945d2c0e6899a20",
                "sha256:acb673eecbae089ea3be3dcf75bfe45fc8d4dcdc951e27d8691887963cf421c7",
                "sha256:b15bc8d2c2848a4a7c04f76c9b3dc3561e95d4dabc6b4f24bfabe5fd81a0b14f",
                "sha256:45813e0873bbb679334a161b28cb9606d9665e70561fd6caa8863e279b5e464b",
                "sha256:ce3be5d520b4d2c3e5eeb4cd2ef62b9b9ab8ac6b6fedbaa0e39cdb6f50644278"
            ],
            "version": "==1.0.1"
        },
        "marshmallow": {
            "hashes": [
                "sha256:c231784b5a5d2b26e50c90f3038004a3552ec27658cde6e0a5a7279d0c5a8e26",
                "sha256:171f409d48b44786b7df2793cbd7f1a9062f0fe2c14d547da536b5010f671ade"
            ],
            "version": "==2.15.3"
        },
        "matplotlib": {
            "hashes": [
                "sha256:3fd90b407d1ab0dae686a4200030ce305526ff20b85a443dc490d194114b2dfa",
                "sha256:7b3d03c876684618e2a2be6abeb8d3a033c3a1bb38a786f751199753ef6227e6",
                "sha256:abfd3d9390eb4f2d82cbcaa3a5c2834c581329b64eccb7a071ed9d5df27424f7",
                "sha256:07055eb872fa109bd88f599bdb52065704b2e22d475b67675f345d75d32038a0",
                "sha256:0f2f253d6d51f5ed52a819921f8a0a8e054ce0daefcfbc2557e1c433f14dc77d",
                "sha256:1ef9fd285334bd6b0495b6de9d56a39dc95081577f27bafabcf28e0d318bed31",
                "sha256:70f0e407fbe9e97f16597223269c849597047421af5eb8b60dbaca0382037e78",
                "sha256:3fb2db66ef98246bafc04b4ef4e9b0e73c6369f38a29716844e939d197df816a",
                "sha256:dc0ba2080fd0cfdd07b3458ee4324d35806733feb2b080838d7094731d3f73d9",
                "sha256:4bb10087e09629ba3f9b25b6c734fd3f99542f93d71c5b9c023f28cb377b43a9",
                "sha256:bc4d7481f0e8ec94cb1afc4a59905d6274b3b4c389aba7a2539e071766671735",
                "sha256:4f6a516d5ef39128bb16af7457e73dde25c30625c4916d8fbd1cc7c14c55e691",
                "sha256:8ff08eaa25c66383fe3b6c7eb288da3c22dcedc4b110a0b592b35f68d0e093b2",
                "sha256:f26fba7fc68994ab2805d77e0695417f9377a00d36ba4248b5d0f1e5adb08d24",
                "sha256:8944d311ce37bee1ba0e41a9b58dcf330ffe0cf29d7654c3d07c572215da68ac",
                "sha256:45dac8589ef1721d7f2ab0f48f986694494dfcc5d13a3e43a5cb6c816276094e",
                "sha256:9d12378d6a236aa38326e27f3a29427b63edce4ce325745785aec1a7535b1f85",
                "sha256:4dc7ef528aad21f22be85e95725234c5178c0f938e2228ca76640e5e84d8cde8"
            ],
            "version": "==2.2.2"
        },
        "monty": {
            "hashes": [
                "sha256:00d32876bf9a2f2d7ecda114c9a09617311f11bd25a7d026da2f893bd0d4638a",
                "sha256:02aa70d1c31ac19890817ceb39dac08909d7595ea96b7b0179a1f113ebdaabfc"
            ],
            "version": "==1.0.2"
        },
        "more-itertools": {
            "hashes": [
                "sha256:a18d870ef2ffca2b8463c0070ad17b5978056f403fb64e3f15fe62a52db21cc0",
                "sha256:6703844a52d3588f951883005efcf555e49566a48afd4db4e965d69b883980d3",
                "sha256:2b6b9893337bfd9166bee6a62c2b0c9fe7735dcf85948b387ec8cba30e85d8e8"
            ],
            "version": "==4.2.0"
        },
        "mpmath": {
            "hashes": [
                "sha256:04d14803b6875fe6d69e6dccea87d5ae5599802e4b1df7997bddd2024001050c"
            ],
            "version": "==1.0.0"
        },
        "numpy": {
            "hashes": [
                "sha256:c0c4bdcb771a147cb14286e3aeb72267e1664652d4150b0df255f0c210166a62",
                "sha256:939376b3b8d9bd42529a2713534c9bae7f11c774614d4d2f7f2a38cae96101f1",
                "sha256:6105d909e56c4f3f173a7294154eee5da80853104e9c3ebcf9e523fb3bb6cf70",
                "sha256:3ed68b8ef0635e12b06c216d3ed33572d9c15b05a5a5d6ab870d073190c3eef3",
                "sha256:1dc831683f18c11e6b5b7ad3610b9f00417b8d3fc63a8adcdbe68844d9dd6f62",
                "sha256:8d87ac65d830ee3087e6bd02b0201e68aed4c715ff2e227e3640e7ded38d8a2e",
                "sha256:7fbceea93b6877419d84516705a265dfc4626939a29107a4d04db599bf6cdf8d",
                "sha256:a1b4a80d59658fc438716095deb1971c6315482b461d976f760d920b6509fd5d",
                "sha256:ef7a07f6a77658a1038e6d22e53458129c04a95b5770f080b5741320d9491e32",
                "sha256:c5065b3aec37cd1b7ec2882b3ab86e200d15219a0fb96fea65a16c6b59d3c0f0",
                "sha256:b2b2741da83b1e016094b2fef2cadec1abd3ccd3d97428634ec6afe1dcb699b8",
                "sha256:419dfe9bcb09d2e87ecf296c5ebf2b047c568419c89588acc9dbce6d2d761bea",
                "sha256:be4664fe153ca6dbd961fb06f99b9b88b114ab44649376253b540aafbf42e469",
                "sha256:0d6d7bbcb54babaf39fe658bcc6f79641c9c62813c6d477802d783c7ba1a437c",
                "sha256:f54114395aabe13c7c4e4b425145cfd998eaf0781e87a9e9b2e77426f1ec8a82",
                "sha256:eb6ccd2b47d43199ec9a7c39bd45e399ccb5756e7367aaf92ced3c46fa67b16b",
                "sha256:f6a4ae8d5e1126bf4d8520a9aa6a82d067ab3ce7d21f58f0d50ead2aebda7bfb",
                "sha256:b037993dfb1175a68b6a2bfc6b1c2af57c09031d1332fea3ab25a539b43bd475",
                "sha256:e6c24c83ca64d447a18f041bd53cbe96c74405f59939b6006755105583b62629",
                "sha256:f29a9c5607b0fded7a9f0871dbd06918a88cb0a465acfac5c67f92d1a4115d48",
                "sha256:d9ceb6c680ffbe55ef6cf9d93558e0ddb72d616b885d77c536920f3da2112703",
                "sha256:9e6694912f13afd8b1e15aa8002e9c951a377c94080c5442de154d743a69b3ff",
                "sha256:2185a0f31ecaa0792264fa968c8e0ba6d96acf144b26e2e1d1cd5b77fc11a691"
            ],
            "version": "==1.14.4"
        },
        "palettable": {
            "hashes": [
                "sha256:7306d63c55216f66d5e5509aacda8bb51c5918debfd6bda4aac8d0940e1788a2",
                "sha256:0685b223a236bb7e2a900ef7a855ccf9a4027361c8acf400f3b350ea51870f80"
            ],
            "version": "==3.1.1"
        },
        "pandas": {
            "hashes": [
                "sha256:d88f484a25ac212fd720b5f9b9686e83f86df2b091b51f4b7b1d9089bd842f79",
                "sha256:5de7275fc7222211dcac603ea81f1e143c45f8ec41d2e21df71aad0c95c1097c",
                "sha256:d5f72c8239e46cfcc363c7e532a474b7ea3d8892b7b6e5ec0da6b3ebae2a07d3",
                "sha256:835c5a2aeaa3cb5ef2a1d771c75ee3a73d6ad1b82cfc54677c8f863c75fa51bd",
                "sha256:2d6b7b152a6ba44627c60df291f773c4438df01653abcbec7fc556d6039f1705",
                "sha256:8398d7a47ae667a639ac4ee6724d7ef98602b5ff2b10b5b4d5e6ab45a8d596d2",
                "sha256:758b8f6c68bc99b2eb64e57092d3aa07bd68a774e92e7686e473e0d9c86a2309",
                "sha256:7261b3567804a70714cc2591e2f7f1e372379db9e140f9d7ffb4b8884eaa48f7",
                "sha256:295cf212054b28f1d111f3ffff932a012601558424ec892f2450d6197f6eeb92",
                "sha256:d4495aba61060d87c634fc777ac15aecd1d176987e5ed0585a3ed7e2f4e6c1f7",
                "sha256:9e5ee41d1550ec36093c95e30644e313df4b57c1cdead545754d9c113aecbbb5",
                "sha256:29960ea1783c59fe86b323799b130592149e0f7bb739149e7fc512b0272d9fc3",
                "sha256:98054c04318ba46bb81433230c2e5fab6a68df916ccb5355d428907bfb16b257",
                "sha256:29dde0874d1efb8a346f8d919b0530a9ae788ad1003752376133e38df09e6fcb",
                "sha256:84ab1d50590cb2d9554211f164dc1b1a216bc94da2ba922aed2690c83f248fd9"
            ],
            "version": "==0.23.0"
        },
        "pluggy": {
            "hashes": [
                "sha256:d345c8fe681115900d6da8d048ba67c25df42973bda370783cd58826442dcd7c",
                "sha256:e160a7fcf25762bb60efc7e171d4497ff1d8d2d75a3d0df7a21b76821ecbf5c5",
                "sha256:7f8ae7f5bdf75671a718d2daf0a64b7885f74510bcd98b1a0bb420eb9a9d0cff"
            ],
            "version": "==0.6.0"
        },
        "py": {
            "hashes": [
                "sha256:983f77f3331356039fdd792e9220b7b8ee1aa6bd2b25f567a963ff1de5a64f6a",
                "sha256:29c9fab495d7528e80ba1e343b958684f4ace687327e6f789a94bf3d1915f881"
            ],
            "version": "==1.5.3"
        },
        "pydispatcher": {
            "hashes": [
                "sha256:5570069e1b1769af1fe481de6dd1d3a388492acddd2cdad7a3bde145615d5caf",
                "sha256:5be4a8be12805ef7d712dd9a93284fb8bc53f309867e573f653a72e5fd10e433"
            ],
            "version": "==2.0.5"
        },
        "pygmo": {
            "hashes": [
                "sha256:5ddb4b449ffb7fbd111831385ddf9af5d967cb8a3f1c12e3538c8a2e6fe2453f",
                "sha256:7ad17a298966efb6246e71ae486b80c70cc587a08a38929c1f61e36ea537141c",
                "sha256:572ef969fdd888e95e6bb51ba0819b72703f2eadee66b76a991ab4afd8c62bdf",
                "sha256:37f6bffa623fa46ac65b186d5752f3ee0c86bddd2f065d062968919d78f7bb57",
                "sha256:c570055515ca94880168289cf92ef62d9f88655a7864b3b2553f34b6977b860f",
                "sha256:4518944ae5c9823248d3288324882f351168255e102353f777a67c83cf967bca",
                "sha256:8c929f8eae746dc6aa451df13d993d1b424011e33cfbb683aab58cfa244c122e"
            ],
            "version": "==2.7"
        },
        "pymatgen": {
            "hashes": [
                "sha256:9c4c423b8e0845a9bde256955de37c21f8b7ecc4bcdfb7f92b3d6e6784aede13",
                "sha256:c8373e91a80a6dcab386bb4c8b3753e1cb5698071e4db69100b9c4bab0c7f3c9",
                "sha256:968252acff65551abde1627cb66e03b908a18ba944e6869ea77ee8fc5c3548a0",
                "sha256:627229184e12ee95fb55faebebddf96ad02e73b740eb8c8eb42ec63a514bdeb8",
                "sha256:d9a3b5429273fd4f419f058e58ceb9ed5546e59aea1f893daa5b4e365e91a583",
                "sha256:cbdbb87c1eb78390173572d818472d4568ef89b8e2de1e47f61eeffb36386494"
            ],
            "version": "==2017.7.4"
        },
        "pymatgen-lammps": {
            "hashes": [
                "sha256:365028cbdd19b27901de47c56d82af01390d0cc96d63379f9648fb4ca5ddaf51",
                "sha256:b9eb35575acb455eae654089f3053593c8a318b2e919aa8857b431ab948226af"
            ],
            "version": "==0.4.0"
        },
        "pyparsing": {
            "hashes": [
                "sha256:fee43f17a9c4087e7ed1605bd6df994c6173c1e977d7ade7b651292fab2bd010",
                "sha256:0832bcf47acd283788593e7a0f542407bd9550a55a8a8435214a1960e04bcb04",
                "sha256:9e8143a3e15c13713506886badd96ca4b579a87fbdf49e550dbfc057d6cb218e",
                "sha256:281683241b25fe9b80ec9d66017485f6deff1af5cde372469134b56ca8447a07",
                "sha256:b8b3117ed9bdf45e14dcc89345ce638ec7e0e29b2b579fa1ecf32ce45ebac8a5",
                "sha256:8f1e18d3fd36c6795bb7e02a39fd05c611ffc2596c1e0d995d34d67630426c18",
                "sha256:e4d45427c6e20a59bf4f88c639dcc03ce30d193112047f94012102f235853a58"
            ],
            "version": "==2.2.0"
        },
        "pytest": {
            "hashes": [
                "sha256:26838b2bc58620e01675485491504c3aa7ee0faf335c37fcd5f8731ca4319591",
                "sha256:32c49a69566aa7c333188149ad48b58ac11a426d5352ea3d8f6ce843f88199cb"
            ],
            "version": "==3.6.1"
        },
        "python-dateutil": {
            "hashes": [
                "sha256:1adb80e7a782c12e52ef9a8182bebeb73f1d7e24e374397af06fb4956c8dc5c0",
                "sha256:e27001de32f627c22380a688bcc43ce83504a7bc5da472209b4c70f02829f0b8"
            ],
            "version": "==2.7.3"
        },
        "pytz": {
            "hashes": [
                "sha256:65ae0c8101309c45772196b21b74c46b2e5d11b6275c45d251b150d5da334555",
                "sha256:c06425302f2cf668f1bba7a0a03f3c1d34d4ebeef2c72003da308b3947c7f749"
            ],
            "version": "==2018.4"
        },
        "pyyaml": {
            "hashes": [
                "sha256:3262c96a1ca437e7e4763e2843746588a965426550f3797a79fca9c6199c431f",
                "sha256:16b20e970597e051997d90dc2cddc713a2876c47e3d92d59ee198700c5427736",
                "sha256:e863072cdf4c72eebf179342c94e6989c67185842d9997960b3e69290b2fa269",
                "sha256:bc6bced57f826ca7cb5125a10b23fd0f2fff3b7c4701d64c439a300ce665fff8",
                "sha256:c01b880ec30b5a6e6aa67b09a2fe3fb30473008c85cd6a67359a1b15ed6d83a4",
                "sha256:827dc04b8fa7d07c44de11fabbc888e627fa8293b695e0f99cb544fdfa1bf0d1",
                "sha256:592766c6303207a20efc445587778322d7f73b161bd994f227adaa341ba212ab",
                "sha256:5f84523c076ad14ff5e6c037fe1c89a7f73a3e04cf0377cb4d017014976433f3",
                "sha256:0c507b7f74b3d2dd4d1322ec8a94794927305ab4cebbe89cc47fe5e81541e6e8",
                "sha256:b4c423ab23291d3945ac61346feeb9a0dc4184999ede5e7c43e1ffb975130ae6",
                "sha256:ca233c64c6e40eaa6c66ef97058cdc80e8d0157a443655baa1b2966e812807ca",
                "sha256:4474f8ea030b5127225b8894d626bb66c01cda098d47a2b0d3429b6700af9fd8",
                "sha256:326420cbb492172dec84b0f65c80942de6cedb5233c413dd824483989c000608",
                "sha256:5ac82e411044fb129bae5cfbeb3ba626acb2af31a8d17d175004b70862a741a7"
            ],
            "version": "==3.12"
        },
        "pyzmq": {
            "hashes": [
                "sha256:2fb4d745ffe0a65ebf8fd29df093bb5c0ac96a506cb05b9a7b7c94b2524ae7f6",
                "sha256:b89268020a843d4c3cc04180577ec061fe96d35f267b0b672cb006e4d70560da",
                "sha256:d51eb3902d27d691483243707bfa67972167a70269bbbc172b74eeac4f780a1d",
                "sha256:e5578ae84bb94e97adadfcb00106a1cb161cb8017f89b01f6c3737f356257811",
                "sha256:4193cc666591495ab7fe8d24fa8374a35f9775f16dc7c46e03615559e1fc1855",
                "sha256:b328c538061757f627d32f7f8885c16f1d2f59f5374e057822f3c8e6cd94c41b",
                "sha256:18de8a02768b1c0b3495ac635b24bd902fafc08befb70a6e68c4d343ccbd6cbd",
                "sha256:fb983aec4bddee3680a0b7395f99e4595d70d81841370da736c5dc642bad4cd2",
                "sha256:ad5a8b19b6671b52d30ccfc3a0f4c600e49c4e2dcc88caf4106ed5958dec8d5e",
                "sha256:767e1d0b1f7fff1950127abc08c5a5af2754987bc6480c6d641bed6971278a7a",
                "sha256:c30d27c9b35285597b8ef3019f97b9b98457b053f65dcc87a90dfdd4db09ca78",
                "sha256:bdb12b485b3440b5193cd337d27cc126cdfc54ea9f38df237e1ead6216435cbe",
                "sha256:ba0b43aebf856e5e249250d74c1232d6600b6859328920d12e2ba72a565ab1b1",
                "sha256:630fb21f7474eb9e409a1ad476bf1ec489a69eb021172d422f2485cc3a44cd79",
                "sha256:6c3632d2c17cf03ce728ffaa328d45bb053623b3a0aa9747adcde81778d5a4d5",
                "sha256:538dfdd9542cf9ff37cd958da03b58d56b53b90800159ea07adc51a8ec7ffcb8",
                "sha256:613ac1fc4591b1c6a0a52ce3ed17dbffd6a17e985df504e8b4cdb987f97285b1",
                "sha256:a0ecf4c3eccd92f030a4e3e334b9da6fa3ee86be00249343c74e476d70567d0f",
                "sha256:863ec1bfa52da6eaa5c4aa59143eeaeb4ef7a076862407a548ec645f25e6d6df",
                "sha256:f35b4cdeffff79357a9d929daa2a8620fb362b2cbeebdc5dd2cf9fcd27c44821",
                "sha256:445fed4d71ac48da258ba38f2e29c88c5091124212a4004a0a6a42e6586a7de1",
                "sha256:b31f2b50ad2920f21b904f5edf66bee324e42bb978df1407ecf381b210d4678e",
                "sha256:0145ae59139b41f65e047a3a9ed11bbc36e37d5e96c64382fcdff911c4d8c3f0"
            ],
            "version": "==17.0.0"
        },
        "requests": {
            "hashes": [
                "sha256:6a1b267aa90cac58ac3a765d067950e7dbbf75b1da07e895d1f594193a40a38b",
                "sha256:9c443e7324ba5b85070c4a818ade28bfabedf16ea10206da1132edaa6dda237e"
            ],
            "version": "==2.18.4"
        },
        "ruamel.yaml": {
            "hashes": [
                "sha256:e4d53f6a0c21d8effc23371927e8569096d0364d7c703b2e6956c6281b6bde2c",
                "sha256:4b1929101d09612e0c7a42fbe06b0f929a4a89e1d14832353c1eb073580d3ba6",
                "sha256:181699cc08b157ef8a59a77e96a01b5ffa150044ed4e49fd98428ab9ac0e6ed9",
                "sha256:b6bc5f434d72a672dbe48471e70771789d5d93603716c9e36963fe1dc7a35718",
                "sha256:6932e1ad63c805a41665a94e5d7b70808e9e25943f72afba6d327fede2aeb43d",
                "sha256:dc051cd1fe541e321f6846bddba8e2c0de8ca409d51a6d9917c7b970d8d89a3d",
                "sha256:656dcd3d30774ffe252e46db96f4cf24b284d42c904b93f9cbe6b234028f7d2e",
                "sha256:039bb5b50a2f3b17c969ed1d381e050bca851e3c13fe8c2a9ad18f605ca111a5",
                "sha256:f5ef82b8efe378de6abb7042263d6f407b0760ad923ed477fa26007b1fa0e563",
                "sha256:cea830caa479ae083f51ffdb55fe430a2763e853a7b06195f203db6d28bf5264",
                "sha256:882cacb8af5f7009780da75041ef131d0ec80d9e0b81d3cf8d4b49a0a33fe6ef",
                "sha256:1d46053cb7acf0cd6b375e34abfb94f2e97c39269c17eb8b0226fe8a470c4ced",
                "sha256:2d1df676ac75fb5e0af7b91f7718a4b4f469a5d8ac4150edecc61f063283bbee",
                "sha256:759b485e8cda260bd87b7cdd2ad936a0ec359ee6154a9d856357446792b3faf5",
                "sha256:7afefe5dab4381393a2aa7ccb585ffd6080d52e7cd05f1df3788e9d0e4dfcea9",
                "sha256:766ee90985c667f77bf34950b1d945624c263ecb82d859961f78effb3355c946",
                "sha256:509842d96fb194f79b57483b76429f8956d8f7ade3cb49d1e5aeb5c5e9ef4918"
            ],
            "version": "==0.15.37"
        },
        "scikit-learn": {
            "hashes": [
                "sha256:3775cca4ce3f94508bb7c8a6b113044b78c16b0a30a5c169ddeb6b9fe57a8a72",
                "sha256:873245b03361710f47c5410a050dc56ee8ae97b9f8dcc6e3a81521ca2b64ad10",
                "sha256:370919e3148253fd6552496c33a1e3d78290a336fc8d1b9349d9e9770fae6ec0",
                "sha256:ce78bf4d10bd7e28807c36c6d2ab25a9934aaf80906ad987622a5e45627d91a2",
                "sha256:ba3fd442ae1a46830789b3578867daaf2c8409dcca6bf192e30e85beeabbfc2f",
                "sha256:a21cf8217e31a9e8e32c559246e05e6909981816152406945ae2e3e244dfcc1f",
                "sha256:e54a3dd1fe1f8124de90b93c48d120e6da2ea8df29b6895325df01ddc1bd8e26",
                "sha256:f9abae483f4d52acd6f660addb1b67e35dc5748655250af479de2ea6aefc6df0",
                "sha256:5c9ff456d67ef9094e5ea272fff2be05d399a47fc30c6c8ed653b94bdf787bd1",
                "sha256:871669cdb5b3481650fe3adff46eb97c455e30ecdc307eaf382ef90d4e2570ab",
                "sha256:d4da369614e55540c7e830ccdd17ab4fe5412ff8e803a4906d3ece393e2e3a63",
                "sha256:42f3c5bd893ed73bf47ccccf04dfb98fae743f397d688bb58c2238c0e6ec15d2",
                "sha256:95b155ef6bf829ddfba6026f100ba8e4218b7171ecab97b2163bc9e8d206848f",
                "sha256:72c194c5092e921d6107a8de8a5adae58c35bbc54e030ba624b6f02fd823bb21",
                "sha256:f528c4b2bba652cf116f5cccf36f4db95a7f9cbfcd1ee549c4e8d0f8628783b5",
                "sha256:d384e6f9a055b7a43492f9d27779adb717eb5dcf78b0603b01d0f070a608d241",
                "sha256:ee8c3b1898c728b6e5b5659c233f547700a1fea13ce876b6fe7d3434c70cc0e0",
                "sha256:56cfa19c31edf62e6414da0a337efee37a4af488b135640e67238786b9be6ab3",
                "sha256:5db9e68a384ce80a17fc449d4d5d9b45025fe17cf468429599bf404eccb51049",
                "sha256:8b17fc29554c5c98d88142f895516a5bec2b6b61daa815e1193a64c868ad53d2",
                "sha256:13136c6e4f6b808569f7f59299d439b2cd718f85d72ea14b5b6077d44ebc7d17",
                "sha256:ddc1eb10138ae93c136cc4b5945d3977f302b5d693592a4731b2805a7d7f2a74",
                "sha256:5ca0ad32ee04abe0d4ba02c8d89d501b4e5e0304bdf4d45c2e9875a735b323a0",
                "sha256:6e0899953611d0c47c0d49c5950082ab016b38811fced91cd2dcc889dd94f50a",
                "sha256:b2a10e2f9b73de10d8486f7a23549093436062b69139158802910a0f154aa53b",
                "sha256:a58746d4f389ea7df1d908dba8b52f709835f91c342f459a3ade5424330c69d1",
                "sha256:fdc39e89bd3466befb76dfc0c258d4ccad159df974954a87de3be5759172a067"
            ],
            "version": "==0.19.1"
        },
        "scipy": {
            "hashes": [
                "sha256:340ef70f5b0f4e2b4b43c8c8061165911bc6b2ad16f8de85d9774545e2c47463",
                "sha256:c22b27371b3866c92796e5d7907e914f0e58a36d3222c5d436ddd3f0e354227a",
                "sha256:d8491d4784aceb1f100ddb8e31239c54e4afab8d607928a9f7ef2469ec35ae01",
                "sha256:8190770146a4c8ed5d330d5b5ad1c76251c63349d25c96b3094875b930c44692",
                "sha256:08237eda23fd8e4e54838258b124f1cd141379a5f281b0a234ca99b38918c07a",
                "sha256:dfc5080c38dde3f43d8fbb9c0539a7839683475226cf83e4b24363b227dfe552",
                "sha256:e7a01e53163818d56eabddcafdc2090e9daba178aad05516b20c6591c4811020",
                "sha256:0e645dbfc03f279e1946cf07c9c754c2a1859cb4a41c5f70b25f6b3a586b6dbd",
                "sha256:f0521af1b722265d824d6ad055acfe9bd3341765735c44b5a4d0069e189a0f40",
                "sha256:3b243c77a822cd034dad53058d7c2abf80062aa6f4a32e9799c95d6391558631",
                "sha256:8f841bbc21d3dad2111a94c490fb0a591b8612ffea86b8e5571746ae76a3deac",
                "sha256:ee677635393414930541a096fc8e61634304bb0153e4e02b75685b11eba14cae",
                "sha256:423b3ff76957d29d1cce1bc0d62ebaf9a3fdfaf62344e3fdec14619bb7b5ad3a",
                "sha256:0611ee97296265af4a21164a5323f8c1b4e8e15c582d3dfa7610825900136bb7",
                "sha256:108c16640849e5827e7d51023efb3bd79244098c3f21e4897a1007720cb7ce37",
                "sha256:3ad73dfc6f82e494195144bd3a129c7241e761179b7cb5c07b9a0ede99c686f3",
                "sha256:d0cdd5658b49a722783b8b4f61a6f1f9c75042d0e29a30ccb6cacc9b25f6d9e2",
                "sha256:e24e22c8d98d3c704bb3410bce9b69e122a8de487ad3dbfe9985d154e5c03a40",
                "sha256:404a00314e85eca9d46b80929571b938e97a143b4f2ddc2b2b3c91a4c4ead9c5",
                "sha256:729f8f8363d32cebcb946de278324ab43d28096f36593be6281ca1ee86ce6559",
                "sha256:0e9bb7efe5f051ea7212555b290e784b82f21ffd0f655405ac4f87e288b730b3",
                "sha256:698c6409da58686f2df3d6f815491fd5b4c2de6817a45379517c92366eea208f",
                "sha256:878352408424dffaa695ffedf2f9f92844e116686923ed9aa8626fc30d32cfd1"
            ],
            "version": "==1.1.0"
        },
        "six": {
            "hashes": [
                "sha256:832dc0e10feb1aa2c68dcc57dbb658f1c7e65b9b61af69048abc87a2db00a0eb",
                "sha256:70e8a77beed4562e7f14fe23a786b54f6296e34344c23bc42f07b15018ff98e9"
            ],
            "version": "==1.11.0"
        },
        "spglib": {
            "hashes": [
                "sha256:96e3a7e8c1b0ec9792ce2cd80eb7ac3549a8b14c235a21a4cff9ca990ffef4af",
                "sha256:c34a506ea50a4dbbcbcb335887a7b5441f4d4fdb06d807c49b46df2f22ecea60",
                "sha256:6d43a7a0f8f5a11b30a91ac3d0b6abeed3afee6d875a0d1f12aa68329c30ebec",
                "sha256:d9671483c536b9f1c326997436edce2ce2c361ada185e2ccddc648a1f8eea469",
                "sha256:29d80b9b4a4acbed69328617897a6724fe0bd9d2c195c28f73fcd5675f629418",
                "sha256:b98c35b1bf868eee4e5cc829e7692157dc19bbb1cff23bbef9de57cbf9eab306",
                "sha256:8060708aca7346488841482a9db51b1c99ea3a7b81e5852d7d9fa0f9032dd2eb",
                "sha256:8606242bdb8d2683f5be8a4e82bfd4446507e4266ab5f52f482f5c14ee14544c",
                "sha256:55b49227835396b2bcd6afe724e9f37202ad0f61e273bedebd5bf740bad2e8e3"
            ],
            "version": "==1.10.3.65"
        },
        "sympy": {
            "hashes": [
                "sha256:ac5b57691bc43919dcc21167660a57cc51797c28a4301a6144eff07b751216a4"
            ],
            "version": "==1.1.1"
        },
        "tabulate": {
            "hashes": [
                "sha256:e4ca13f26d0a6be2a2915428dc21e732f1e44dad7f76d7030b2ef1ec251cf7f2"
            ],
            "version": "==0.8.2"
        },
        "urllib3": {
            "hashes": [
                "sha256:06330f386d6e4b195fbfc736b297f58c5a892e4440e54d294d7004e3a9bbea1b",
                "sha256:cc44da8e1145637334317feebd728bd869a35285b93cbb4cca2577da7e62db4f"
            ],
            "version": "==1.22"
        },
        "zmq-legos": {
            "hashes": [
                "sha256:aa2873bc304d700a95efbbba035cfab2d7d9626c87911cdce780677cb8118558"
            ],
            "version": "==0.2.1"
        }
    },
    "develop": {
        "alabaster": {
            "hashes": [
                "sha256:2eef172f44e8d301d25aff8068fddd65f767a3f04b5f15b0f4922f113aa1c732",
                "sha256:37cdcb9e9954ed60912ebc1ca12a9d12178c26637abdf124e3cde2341c257fe0"
            ],
            "version": "==0.7.10"
        },
        "babel": {
            "hashes": [
                "sha256:6778d85147d5d85345c14a26aada5e478ab04e39b078b0745ee6870c2b5cf669",
                "sha256:8cba50f48c529ca3fa18cf81fa9403be176d374ac4d60738b839122dfaaa3d23"
            ],
            "version": "==2.6.0"
        },
        "backcall": {
            "hashes": [
                "sha256:38ecd85be2c1e78f77fd91700c76e14667dc21e2713b63876c0eb901196e01e4",
                "sha256:bbbf4b1e5cd2bdb08f915895b51081c041bac22394fdfcfdfbe9f14b77c08bf2"
            ],
            "version": "==0.1.0"
        },
        "certifi": {
            "hashes": [
                "sha256:9fa520c1bacfb634fa7af20a76bcbd3d5fb390481724c597da32c719a7dca4b0",
                "sha256:13e698f54293db9f89122b0581843a782ad0934a4fe0172d2a980ba77fc61bb7"
            ],
            "version": "==2018.4.16"
        },
        "chardet": {
            "hashes": [
                "sha256:fc323ffcaeaed0e0a02bf4d117757b98aed530d9ed4531e3e15460124c106691",
                "sha256:84ab92ed1c4d4f16916e05906b6b75a6c0fb5db821cc65e70cbd64a3e2a5eaae"
            ],
            "version": "==3.0.4"
        },
        "decorator": {
            "hashes": [
                "sha256:2c51dff8ef3c447388fe5e4453d24a2bf128d3a4c32af3fabef1f01c6851ab82",
                "sha256:c39efa13fbdeb4506c476c9b3babf6a718da943dab7811c206005a4a956c080c"
            ],
            "version": "==4.3.0"
        },
        "docutils": {
            "hashes": [
                "sha256:7a4bd47eaf6596e1295ecb11361139febe29b084a87bf005bf899f9a42edc3c6",
                "sha256:02aec4bd92ab067f6ff27a38a38a41173bf01bed8f89157768c1573f53e474a6",
                "sha256:51e64ef2ebfb29cae1faa133b3710143496eca21c530f3f71424d77687764274"
            ],
            "version": "==0.14"
        },
        "idna": {
            "hashes": [
                "sha256:8c7309c718f94b3a625cb648ace320157ad16ff131ae0af362c9f21b80ef6ec4",
                "sha256:2c6a5de3089009e3da7c5dde64a141dbc8551d5b7f6cf4ed7c2568d0cc520a8f"
            ],
            "version": "==2.6"
        },
        "imagesize": {
            "hashes": [
                "sha256:3620cc0cadba3f7475f9940d22431fc4d407269f1be59ec9b8edcca26440cf18",
                "sha256:5b326e4678b6925158ccc66a9fa3122b6106d7c876ee32d7de6ce59385b96315"
            ],
            "version": "==1.0.0"
        },
        "ipykernel": {
            "hashes": [
                "sha256:395f020610e33ffa0b0c9c0cd1a1d927d51ab9aa9f30a7ae36bb0c908a33e89c",
                "sha256:935941dba29d856eee34b8b5261d971bd5012547239ed73ddfff099143748c37",
                "sha256:c091449dd0fad7710ddd9c4a06e8b9e15277da306590bc07a3a1afa6b4453c8f"
            ],
            "version": "==4.8.2"
        },
        "ipython": {
            "hashes": [
                "sha256:a0c96853549b246991046f32d19db7140f5b1a644cc31f0dc1edc86713b7676f",
                "sha256:eca537aa61592aca2fef4adea12af8e42f5c335004dfa80c78caf80e8b525e5c"
            ],
            "version": "==6.4.0"
        },
        "ipython-genutils": {
            "hashes": [
                "sha256:72dd37233799e619666c9f639a9da83c34013a73e8bbc79a7a6348d93c61fab8",
                "sha256:eb2e116e75ecef9d4d228fdc66af54269afa26ab4463042e33785b887c628ba8"
            ],
            "version": "==0.2.0"
        },
        "jedi": {
            "hashes": [
                "sha256:5861f6dc0c16e024cbb0044999f9cf8013b292c05f287df06d3d991a87a4eb89",
                "sha256:1972f694c6bc66a2fac8718299e2ab73011d653a6d8059790c3476d2353b99ad"
            ],
            "version": "==0.12.0"
        },
        "jinja2": {
            "hashes": [
                "sha256:74c935a1b8bb9a3947c50a54766a969d4846290e1e788ea44c1392163723c3bd",
                "sha256:f84be1bb0040caca4cea721fcbbbbd61f9be9464ca236387158b0feea01914a4"
            ],
            "version": "==2.10"
        },
        "jupyter-client": {
            "hashes": [
                "sha256:59e6d791e22a8002ad0e80b78c6fd6deecab4f9e1b1aa1a22f4213de271b29ea",
                "sha256:27befcf0446b01e29853014d6a902dd101ad7d7f94e2252b1adca17c3466b761"
            ],
            "version": "==5.2.3"
        },
        "jupyter-core": {
            "hashes": [
                "sha256:927d713ffa616ea11972534411544589976b2493fc7e09ad946e010aa7eb9970",
                "sha256:ba70754aa680300306c699790128f6fbd8c306ee5927976cbe48adacf240c0b7"
            ],
            "version": "==4.4.0"
        },
        "markupsafe": {
            "hashes": [
                "sha256:a6be69091dac236ea9c6bc7d012beab42010fa914c459791d627dad4910eb665"
            ],
            "version": "==1.0"
        },
        "packaging": {
            "hashes": [
                "sha256:e9215d2d2535d3ae866c3d6efc77d5b24a0192cce0ff20e42896cc0664f889c0",
                "sha256:f019b770dd64e585a99714f1fd5e01c7a8f11b45635aa953fd41c689a657375b"
            ],
            "version": "==17.1"
        },
        "parso": {
            "hashes": [
                "sha256:cdef26e8adc10d589f3ec4eb444bd0a29f3f1eb6d72a4292ab8afcb9d68976a6",
                "sha256:f0604a40b96e062b0fd99cf134cc2d5cdf66939d0902f8267d938b0d5b26707f"
            ],
            "version": "==0.2.1"
        },
        "pexpect": {
            "hashes": [
                "sha256:3fbd41d4caf27fa4a377bfd16fef87271099463e6fa73e92a52f92dfee5d425b",
                "sha256:2a8e88259839571d1251d278476f3eec5db26deb73a70be5ed5dc5435e418aba"
            ],
            "markers": "sys_platform != 'win32'",
            "version": "==4.6.0"
        },
        "pickleshare": {
            "hashes": [
                "sha256:c9a2541f25aeabc070f12f452e1f2a8eae2abd51e1cd19e8430402bdf4c1d8b5",
                "sha256:84a9257227dfdd6fe1b4be1319096c20eb85ff1e82c7932f36efccfe1b09737b"
            ],
            "version": "==0.7.4"
        },
        "prompt-toolkit": {
            "hashes": [
                "sha256:3f473ae040ddaa52b52f97f6b4a493cfa9f5920c255a12dc56a7d34397a398a4",
                "sha256:1df952620eccb399c53ebb359cc7d9a8d3a9538cb34c5a1344bdbeb29fbcc381",
                "sha256:858588f1983ca497f1cf4ffde01d978a3ea02b01c8a26a8bbc5cd2e66d816917"
            ],
            "version": "==1.0.15"
        },
        "ptyprocess": {
            "hashes": [
                "sha256:e8c43b5eee76b2083a9badde89fd1bbce6c8942d1045146e100b7b5e014f4f1a",
                "sha256:e64193f0047ad603b71f202332ab5527c5e52aa7c8b609704fc28c0dc20c4365"
            ],
            "version": "==0.5.2"
        },
        "pygments": {
            "hashes": [
                "sha256:78f3f434bcc5d6ee09020f92ba487f95ba50f1e3ef83ae96b9d5ffa1bab25c5d",
                "sha256:dbae1046def0efb574852fab9e90209b23f556367b5a320c0bcb871c77c3e8cc"
            ],
            "version": "==2.2.0"
        },
        "pyparsing": {
            "hashes": [
                "sha256:fee43f17a9c4087e7ed1605bd6df994c6173c1e977d7ade7b651292fab2bd010",
                "sha256:0832bcf47acd283788593e7a0f542407bd9550a55a8a8435214a1960e04bcb04",
                "sha256:9e8143a3e15c13713506886badd96ca4b579a87fbdf49e550dbfc057d6cb218e",
                "sha256:281683241b25fe9b80ec9d66017485f6deff1af5cde372469134b56ca8447a07",
                "sha256:b8b3117ed9bdf45e14dcc89345ce638ec7e0e29b2b579fa1ecf32ce45ebac8a5",
                "sha256:8f1e18d3fd36c6795bb7e02a39fd05c611ffc2596c1e0d995d34d67630426c18",
                "sha256:e4d45427c6e20a59bf4f88c639dcc03ce30d193112047f94012102f235853a58"
            ],
            "version": "==2.2.0"
        },
        "python-dateutil": {
            "hashes": [
                "sha256:1adb80e7a782c12e52ef9a8182bebeb73f1d7e24e374397af06fb4956c8dc5c0",
                "sha256:e27001de32f627c22380a688bcc43ce83504a7bc5da472209b4c70f02829f0b8"
            ],
            "version": "==2.7.3"
        },
        "pytz": {
            "hashes": [
                "sha256:65ae0c8101309c45772196b21b74c46b2e5d11b6275c45d251b150d5da334555",
                "sha256:c06425302f2cf668f1bba7a0a03f3c1d34d4ebeef2c72003da308b3947c7f749"
            ],
            "version": "==2018.4"
        },
        "pyzmq": {
            "hashes": [
                "sha256:2fb4d745ffe0a65ebf8fd29df093bb5c0ac96a506cb05b9a7b7c94b2524ae7f6",
                "sha256:b89268020a843d4c3cc04180577ec061fe96d35f267b0b672cb006e4d70560da",
                "sha256:d51eb3902d27d691483243707bfa67972167a70269bbbc172b74eeac4f780a1d",
                "sha256:e5578ae84bb94e97adadfcb00106a1cb161cb8017f89b01f6c3737f356257811",
                "sha256:4193cc666591495ab7fe8d24fa8374a35f9775f16dc7c46e03615559e1fc1855",
                "sha256:b328c538061757f627d32f7f8885c16f1d2f59f5374e057822f3c8e6cd94c41b",
                "sha256:18de8a02768b1c0b3495ac635b24bd902fafc08befb70a6e68c4d343ccbd6cbd",
                "sha256:fb983aec4bddee3680a0b7395f99e4595d70d81841370da736c5dc642bad4cd2",
                "sha256:ad5a8b19b6671b52d30ccfc3a0f4c600e49c4e2dcc88caf4106ed5958dec8d5e",
                "sha256:767e1d0b1f7fff1950127abc08c5a5af2754987bc6480c6d641bed6971278a7a",
                "sha256:c30d27c9b35285597b8ef3019f97b9b98457b053f65dcc87a90dfdd4db09ca78",
                "sha256:bdb12b485b3440b5193cd337d27cc126cdfc54ea9f38df237e1ead6216435cbe",
                "sha256:ba0b43aebf856e5e249250d74c1232d6600b6859328920d12e2ba72a565ab1b1",
                "sha256:630fb21f7474eb9e409a1ad476bf1ec489a69eb021172d422f2485cc3a44cd79",
                "sha256:6c3632d2c17cf03ce728ffaa328d45bb053623b3a0aa9747adcde81778d5a4d5",
                "sha256:538dfdd9542cf9ff37cd958da03b58d56b53b90800159ea07adc51a8ec7ffcb8",
                "sha256:613ac1fc4591b1c6a0a52ce3ed17dbffd6a17e985df504e8b4cdb987f97285b1",
                "sha256:a0ecf4c3eccd92f030a4e3e334b9da6fa3ee86be00249343c74e476d70567d0f",
                "sha256:863ec1bfa52da6eaa5c4aa59143eeaeb4ef7a076862407a548ec645f25e6d6df",
                "sha256:f35b4cdeffff79357a9d929daa2a8620fb362b2cbeebdc5dd2cf9fcd27c44821",
                "sha256:445fed4d71ac48da258ba38f2e29c88c5091124212a4004a0a6a42e6586a7de1",
                "sha256:b31f2b50ad2920f21b904f5edf66bee324e42bb978df1407ecf381b210d4678e",
                "sha256:0145ae59139b41f65e047a3a9ed11bbc36e37d5e96c64382fcdff911c4d8c3f0"
            ],
            "version": "==17.0.0"
        },
        "requests": {
            "hashes": [
                "sha256:6a1b267aa90cac58ac3a765d067950e7dbbf75b1da07e895d1f594193a40a38b",
                "sha256:9c443e7324ba5b85070c4a818ade28bfabedf16ea10206da1132edaa6dda237e"
            ],
            "version": "==2.18.4"
        },
        "simplegeneric": {
            "hashes": [
                "sha256:dc972e06094b9af5b855b3df4a646395e43d1c9d0d39ed345b7393560d0b9173"
            ],
            "version": "==0.8.1"
        },
        "six": {
            "hashes": [
                "sha256:832dc0e10feb1aa2c68dcc57dbb658f1c7e65b9b61af69048abc87a2db00a0eb",
                "sha256:70e8a77beed4562e7f14fe23a786b54f6296e34344c23bc42f07b15018ff98e9"
            ],
            "version": "==1.11.0"
        },
        "snowballstemmer": {
            "hashes": [
                "sha256:9f3bcd3c401c3e862ec0ebe6d2c069ebc012ce142cce209c098ccb5b09136e89",
                "sha256:919f26a68b2c17a7634da993d91339e288964f93c274f1343e3bbbe2096e1128"
            ],
            "version": "==1.2.1"
        },
        "sphinx": {
            "hashes": [
                "sha256:85f7e32c8ef07f4ba5aeca728e0f7717bef0789fba8458b8d9c5c294cad134f3",
                "sha256:d45480a229edf70d84ca9fae3784162b1bc75ee47e480ffe04a4b7f21a95d76d"
            ],
            "version": "==1.7.5"
        },
        "sphinx-rtd-theme": {
            "hashes": [
                "sha256:aa3e190392e963551432de7df24b8a5fbe5b71a2f4fcd9d5b75808b52ad999e5",
                "sha256:de88d637a60371d4f923e06b79c4ba260490c57d2ab5a8316942ab5d9a6ce1bf"
            ],
            "version": "==0.4.0"
        },
        "sphinxcontrib-websupport": {
            "hashes": [
                "sha256:68ca7ff70785cbe1e7bccc71a48b5b6d965d79ca50629606c7861a21b206d9dd",
                "sha256:9de47f375baf1ea07cdb3436ff39d7a9c76042c10a769c52353ec46e4e8fc3b9"
            ],
            "version": "==1.1.0"
        },
        "tornado": {
            "hashes": [
                "sha256:88ce0282cce70df9045e515f578c78f1ebc35dcabe1d70f800c3583ebda7f5f5",
                "sha256:ba9fbb249ac5390bff8a1d6aa4b844fd400701069bda7d2e380dfe2217895101",
                "sha256:408d129e9d13d3c55aa73f8084aa97d5f90ed84132e38d6932e63a67d5bec563",
                "sha256:c050089173c2e9272244bccfb6a8615fb9e53b79420a5551acfa76094ecc3111",
                "sha256:1b83d5c10550f2653380b4c77331d6f8850f287c4f67d7ce1e1c639d9222fbc7"
            ],
            "version": "==5.0.2"
        },
        "traitlets": {
            "hashes": [
                "sha256:c6cb5e6f57c5a9bdaa40fa71ce7b4af30298fbab9ece9815b5d995ab6217c7d9",
                "sha256:9c4bd2d267b7153df9152698efb1050a5d84982d3384a37b2c1f7723ba3e7835"
            ],
            "version": "==4.3.2"
        },
        "urllib3": {
            "hashes": [
                "sha256:06330f386d6e4b195fbfc736b297f58c5a892e4440e54d294d7004e3a9bbea1b",
                "sha256:cc44da8e1145637334317feebd728bd869a35285b93cbb4cca2577da7e62db4f"
            ],
            "version": "==1.22"
        },
        "wcwidth": {
            "hashes": [
                "sha256:f4ebe71925af7b40a864553f761ed559b43544f8f71746c2d756c7fe788ade7c",
                "sha256:3df37372226d6e63e1b1e1eda15c594bca98a22d33a23832a90998faa96bc65e"
            ],
            "version": "==0.1.7"
        }
    }
}
